<?xml version="1.0" encoding="UTF-8" standalone="yes" ?>
<CodeBlocks_project_file>
	<FileVersion major="1" minor="6" />
	<Project>
		<Option title="Goo_game" />
		<Option pch_mode="2" />
		<Option compiler="mingw64" />
		<Build>
			<Target title="Debug">
				<Option output="bin/Debug/Mech_game" prefix_auto="1" extension_auto="1" />
				<Option object_output="obj/Debug/" />
				<Option type="1" />
				<Option compiler="mingw64" />
				<Compiler>
					<Add option="-pg" />
					<Add option="-g" />
				</Compiler>
				<Linker>
					<Add option="-pg -lgmon" />
				</Linker>
			</Target>
			<Target title="Release">
				<Option output="bin/Release/Mech_game" prefix_auto="1" extension_auto="1" />
				<Option object_output="obj/Release/" />
				<Option type="1" />
				<Option compiler="mingw64" />
				<Compiler>
					<Add option="-O3" />
					<Add option="-Ofast" />
				</Compiler>
				<Linker>
					<Add option="-s" />
				</Linker>
			</Target>
			<Target title="Profile">
				<Option output="bin/Profile/Mech_game" prefix_auto="1" extension_auto="1" />
				<Option object_output="obj/Profile/" />
				<Option type="1" />
				<Option compiler="mingw64" />
				<Compiler>
					<Add option="-O3" />
					<Add option="-pg" />
					<Add option="-DPROFILING" />
				</Compiler>
				<Linker>
					<Add option="-pg -lgmon" />
				</Linker>
			</Target>
		</Build>
		<Compiler>
			<Add option="-Wall" />
			<Add option="-fexceptions" />
			<Add option="-std=gnu++11" />
			<Add option="-Wno-unknown-pragmas" />
			<Add option="-Wno-narrowing" />
			<Add option="-DCL_USE_DEPRECATED_OPENCL_1_1_APIS" />
			<Add option="-DNDEBUG" />
		</Compiler>
		<Linker>
			<Add option="-lmingw32" />
			<Add option="-lsfml-graphics" />
			<Add option="-lsfml-audio" />
			<Add option="-lsfml-network" />
			<Add option="-lsfml-window" />
			<Add option="-lsfml-system" />
			<Add option="-lopengl32" />
			<Add option="-lopencl" />
			<Add option="-lglew64.dll" />
			<Add option="-lws2_32" />
		</Linker>
		<Unit filename="../Bullet/Bullet3Collision/BroadPhaseCollision/b3BroadphaseCallback.h" />
		<Unit filename="../Bullet/Bullet3Collision/BroadPhaseCollision/b3DynamicBvh.cpp" />
		<Unit filename="../Bullet/Bullet3Collision/BroadPhaseCollision/b3DynamicBvh.h" />
		<Unit filename="../Bullet/Bullet3Collision/BroadPhaseCollision/b3DynamicBvhBroadphase.cpp" />
		<Unit filename="../Bullet/Bullet3Collision/BroadPhaseCollision/b3DynamicBvhBroadphase.h" />
		<Unit filename="../Bullet/Bullet3Collision/BroadPhaseCollision/b3OverlappingPair.h" />
		<Unit filename="../Bullet/Bullet3Collision/BroadPhaseCollision/b3OverlappingPairCache.cpp" />
		<Unit filename="../Bullet/Bullet3Collision/BroadPhaseCollision/b3OverlappingPairCache.h" />
		<Unit filename="../Bullet/Bullet3Collision/BroadPhaseCollision/shared/b3Aabb.h" />
		<Unit filename="../Bullet/Bullet3Collision/NarrowPhaseCollision/b3Config.h" />
		<Unit filename="../Bullet/Bullet3Collision/NarrowPhaseCollision/b3Contact4.h" />
		<Unit filename="../Bullet/Bullet3Collision/NarrowPhaseCollision/b3ConvexUtility.cpp" />
		<Unit filename="../Bullet/Bullet3Collision/NarrowPhaseCollision/b3ConvexUtility.h" />
		<Unit filename="../Bullet/Bullet3Collision/NarrowPhaseCollision/b3CpuNarrowPhase.cpp" />
		<Unit filename="../Bullet/Bullet3Collision/NarrowPhaseCollision/b3CpuNarrowPhase.h" />
		<Unit filename="../Bullet/Bullet3Collision/NarrowPhaseCollision/b3RaycastInfo.h" />
		<Unit filename="../Bullet/Bullet3Collision/NarrowPhaseCollision/b3RigidBodyCL.h" />
		<Unit filename="../Bullet/Bullet3Collision/NarrowPhaseCollision/shared/b3BvhSubtreeInfoData.h" />
		<Unit filename="../Bullet/Bullet3Collision/NarrowPhaseCollision/shared/b3BvhTraversal.h" />
		<Unit filename="../Bullet/Bullet3Collision/NarrowPhaseCollision/shared/b3ClipFaces.h" />
		<Unit filename="../Bullet/Bullet3Collision/NarrowPhaseCollision/shared/b3Collidable.h" />
		<Unit filename="../Bullet/Bullet3Collision/NarrowPhaseCollision/shared/b3Contact4Data.h" />
		<Unit filename="../Bullet/Bullet3Collision/NarrowPhaseCollision/shared/b3ContactConvexConvexSAT.h" />
		<Unit filename="../Bullet/Bullet3Collision/NarrowPhaseCollision/shared/b3ContactSphereSphere.h" />
		<Unit filename="../Bullet/Bullet3Collision/NarrowPhaseCollision/shared/b3ConvexPolyhedronData.h" />
		<Unit filename="../Bullet/Bullet3Collision/NarrowPhaseCollision/shared/b3FindConcaveSatAxis.h" />
		<Unit filename="../Bullet/Bullet3Collision/NarrowPhaseCollision/shared/b3FindSeparatingAxis.h" />
		<Unit filename="../Bullet/Bullet3Collision/NarrowPhaseCollision/shared/b3MprPenetration.h" />
		<Unit filename="../Bullet/Bullet3Collision/NarrowPhaseCollision/shared/b3NewContactReduction.h" />
		<Unit filename="../Bullet/Bullet3Collision/NarrowPhaseCollision/shared/b3QuantizedBvhNodeData.h" />
		<Unit filename="../Bullet/Bullet3Collision/NarrowPhaseCollision/shared/b3ReduceContacts.h" />
		<Unit filename="../Bullet/Bullet3Collision/NarrowPhaseCollision/shared/b3RigidBodyData.h" />
		<Unit filename="../Bullet/Bullet3Collision/NarrowPhaseCollision/shared/b3UpdateAabbs.h" />
		<Unit filename="../Bullet/Bullet3Common/b3AlignedAllocator.cpp" />
		<Unit filename="../Bullet/Bullet3Common/b3AlignedAllocator.h" />
		<Unit filename="../Bullet/Bullet3Common/b3AlignedObjectArray.h" />
		<Unit filename="../Bullet/Bullet3Common/b3CommandLineArgs.h" />
		<Unit filename="../Bullet/Bullet3Common/b3FileUtils.h" />
		<Unit filename="../Bullet/Bullet3Common/b3HashMap.h" />
		<Unit filename="../Bullet/Bullet3Common/b3Logging.cpp" />
		<Unit filename="../Bullet/Bullet3Common/b3Logging.h" />
		<Unit filename="../Bullet/Bullet3Common/b3Matrix3x3.h" />
		<Unit filename="../Bullet/Bullet3Common/b3MinMax.h" />
		<Unit filename="../Bullet/Bullet3Common/b3PoolAllocator.h" />
		<Unit filename="../Bullet/Bullet3Common/b3QuadWord.h" />
		<Unit filename="../Bullet/Bullet3Common/b3Quaternion.h" />
		<Unit filename="../Bullet/Bullet3Common/b3Random.h" />
		<Unit filename="../Bullet/Bullet3Common/b3Scalar.h" />
		<Unit filename="../Bullet/Bullet3Common/b3StackAlloc.h" />
		<Unit filename="../Bullet/Bullet3Common/b3Transform.h" />
		<Unit filename="../Bullet/Bullet3Common/b3TransformUtil.h" />
		<Unit filename="../Bullet/Bullet3Common/b3Vector3.cpp" />
		<Unit filename="../Bullet/Bullet3Common/b3Vector3.h" />
		<Unit filename="../Bullet/Bullet3Common/shared/b3Float4.h" />
		<Unit filename="../Bullet/Bullet3Common/shared/b3Int2.h" />
		<Unit filename="../Bullet/Bullet3Common/shared/b3Int4.h" />
		<Unit filename="../Bullet/Bullet3Common/shared/b3Mat3x3.h" />
		<Unit filename="../Bullet/Bullet3Common/shared/b3PlatformDefinitions.h" />
		<Unit filename="../Bullet/Bullet3Common/shared/b3Quat.h" />
		<Unit filename="../Bullet/Bullet3Dynamics/ConstraintSolver/b3ContactSolverInfo.h" />
		<Unit filename="../Bullet/Bullet3Dynamics/ConstraintSolver/b3FixedConstraint.cpp" />
		<Unit filename="../Bullet/Bullet3Dynamics/ConstraintSolver/b3FixedConstraint.h" />
		<Unit filename="../Bullet/Bullet3Dynamics/ConstraintSolver/b3Generic6DofConstraint.cpp" />
		<Unit filename="../Bullet/Bullet3Dynamics/ConstraintSolver/b3Generic6DofConstraint.h" />
		<Unit filename="../Bullet/Bullet3Dynamics/ConstraintSolver/b3JacobianEntry.h" />
		<Unit filename="../Bullet/Bullet3Dynamics/ConstraintSolver/b3PgsJacobiSolver.cpp" />
		<Unit filename="../Bullet/Bullet3Dynamics/ConstraintSolver/b3PgsJacobiSolver.h" />
		<Unit filename="../Bullet/Bullet3Dynamics/ConstraintSolver/b3Point2PointConstraint.cpp" />
		<Unit filename="../Bullet/Bullet3Dynamics/ConstraintSolver/b3Point2PointConstraint.h" />
		<Unit filename="../Bullet/Bullet3Dynamics/ConstraintSolver/b3SolverBody.h" />
		<Unit filename="../Bullet/Bullet3Dynamics/ConstraintSolver/b3SolverConstraint.h" />
		<Unit filename="../Bullet/Bullet3Dynamics/ConstraintSolver/b3TypedConstraint.cpp" />
		<Unit filename="../Bullet/Bullet3Dynamics/ConstraintSolver/b3TypedConstraint.h" />
		<Unit filename="../Bullet/Bullet3Dynamics/b3CpuRigidBodyPipeline.cpp" />
		<Unit filename="../Bullet/Bullet3Dynamics/b3CpuRigidBodyPipeline.h" />
		<Unit filename="../Bullet/Bullet3Dynamics/shared/b3ContactConstraint4.h" />
		<Unit filename="../Bullet/Bullet3Dynamics/shared/b3ConvertConstraint4.h" />
		<Unit filename="../Bullet/Bullet3Dynamics/shared/b3Inertia.h" />
		<Unit filename="../Bullet/Bullet3Dynamics/shared/b3IntegrateTransforms.h" />
		<Unit filename="../Bullet/Bullet3Geometry/b3AabbUtil.h" />
		<Unit filename="../Bullet/Bullet3Geometry/b3ConvexHullComputer.cpp" />
		<Unit filename="../Bullet/Bullet3Geometry/b3ConvexHullComputer.h" />
		<Unit filename="../Bullet/Bullet3Geometry/b3GeometryUtil.cpp" />
		<Unit filename="../Bullet/Bullet3Geometry/b3GeometryUtil.h" />
		<Unit filename="../Bullet/Bullet3Geometry/b3GrahamScan2dConvexHull.h" />
		<Unit filename="../Bullet/Bullet3OpenCL/BroadphaseCollision/b3GpuBroadphaseInterface.h" />
		<Unit filename="../Bullet/Bullet3OpenCL/BroadphaseCollision/b3GpuGridBroadphase.cpp" />
		<Unit filename="../Bullet/Bullet3OpenCL/BroadphaseCollision/b3GpuGridBroadphase.h" />
		<Unit filename="../Bullet/Bullet3OpenCL/BroadphaseCollision/b3GpuParallelLinearBvh.cpp" />
		<Unit filename="../Bullet/Bullet3OpenCL/BroadphaseCollision/b3GpuParallelLinearBvh.h" />
		<Unit filename="../Bullet/Bullet3OpenCL/BroadphaseCollision/b3GpuParallelLinearBvhBroadphase.cpp" />
		<Unit filename="../Bullet/Bullet3OpenCL/BroadphaseCollision/b3GpuParallelLinearBvhBroadphase.h" />
		<Unit filename="../Bullet/Bullet3OpenCL/BroadphaseCollision/b3GpuSapBroadphase.cpp" />
		<Unit filename="../Bullet/Bullet3OpenCL/BroadphaseCollision/b3GpuSapBroadphase.h" />
		<Unit filename="../Bullet/Bullet3OpenCL/BroadphaseCollision/b3SapAabb.h" />
		<Unit filename="../Bullet/Bullet3OpenCL/BroadphaseCollision/kernels/gridBroadphaseKernels.h" />
		<Unit filename="../Bullet/Bullet3OpenCL/BroadphaseCollision/kernels/parallelLinearBvhKernels.h" />
		<Unit filename="../Bullet/Bullet3OpenCL/BroadphaseCollision/kernels/sapKernels.h" />
		<Unit filename="../Bullet/Bullet3OpenCL/Initialize/b3OpenCLInclude.h" />
		<Unit filename="../Bullet/Bullet3OpenCL/Initialize/b3OpenCLUtils.cpp" />
		<Unit filename="../Bullet/Bullet3OpenCL/Initialize/b3OpenCLUtils.h" />
		<Unit filename="../Bullet/Bullet3OpenCL/NarrowphaseCollision/b3BvhInfo.h" />
		<Unit filename="../Bullet/Bullet3OpenCL/NarrowphaseCollision/b3ContactCache.cpp" />
		<Unit filename="../Bullet/Bullet3OpenCL/NarrowphaseCollision/b3ContactCache.h" />
		<Unit filename="../Bullet/Bullet3OpenCL/NarrowphaseCollision/b3ConvexHullContact.cpp" />
		<Unit filename="../Bullet/Bullet3OpenCL/NarrowphaseCollision/b3ConvexHullContact.h" />
		<Unit filename="../Bullet/Bullet3OpenCL/NarrowphaseCollision/b3ConvexPolyhedronCL.h" />
		<Unit filename="../Bullet/Bullet3OpenCL/NarrowphaseCollision/b3GjkEpa.cpp" />
		<Unit filename="../Bullet/Bullet3OpenCL/NarrowphaseCollision/b3GjkEpa.h" />
		<Unit filename="../Bullet/Bullet3OpenCL/NarrowphaseCollision/b3GjkPairDetector.cpp" />
		<Unit filename="../Bullet/Bullet3OpenCL/NarrowphaseCollision/b3GjkPairDetector.h" />
		<Unit filename="../Bullet/Bullet3OpenCL/NarrowphaseCollision/b3OptimizedBvh.cpp" />
		<Unit filename="../Bullet/Bullet3OpenCL/NarrowphaseCollision/b3OptimizedBvh.h" />
		<Unit filename="../Bullet/Bullet3OpenCL/NarrowphaseCollision/b3QuantizedBvh.cpp" />
		<Unit filename="../Bullet/Bullet3OpenCL/NarrowphaseCollision/b3QuantizedBvh.h" />
		<Unit filename="../Bullet/Bullet3OpenCL/NarrowphaseCollision/b3StridingMeshInterface.cpp" />
		<Unit filename="../Bullet/Bullet3OpenCL/NarrowphaseCollision/b3StridingMeshInterface.h" />
		<Unit filename="../Bullet/Bullet3OpenCL/NarrowphaseCollision/b3SupportMappings.h" />
		<Unit filename="../Bullet/Bullet3OpenCL/NarrowphaseCollision/b3TriangleCallback.cpp" />
		<Unit filename="../Bullet/Bullet3OpenCL/NarrowphaseCollision/b3TriangleCallback.h" />
		<Unit filename="../Bullet/Bullet3OpenCL/NarrowphaseCollision/b3TriangleIndexVertexArray.cpp" />
		<Unit filename="../Bullet/Bullet3OpenCL/NarrowphaseCollision/b3TriangleIndexVertexArray.h" />
		<Unit filename="../Bullet/Bullet3OpenCL/NarrowphaseCollision/b3VectorFloat4.h" />
		<Unit filename="../Bullet/Bullet3OpenCL/NarrowphaseCollision/b3VoronoiSimplexSolver.cpp" />
		<Unit filename="../Bullet/Bullet3OpenCL/NarrowphaseCollision/b3VoronoiSimplexSolver.h" />
		<Unit filename="../Bullet/Bullet3OpenCL/NarrowphaseCollision/kernels/bvhTraversal.h" />
		<Unit filename="../Bullet/Bullet3OpenCL/NarrowphaseCollision/kernels/mprKernels.h" />
		<Unit filename="../Bullet/Bullet3OpenCL/NarrowphaseCollision/kernels/primitiveContacts.h" />
		<Unit filename="../Bullet/Bullet3OpenCL/NarrowphaseCollision/kernels/satClipHullContacts.h" />
		<Unit filename="../Bullet/Bullet3OpenCL/NarrowphaseCollision/kernels/satConcaveKernels.h" />
		<Unit filename="../Bullet/Bullet3OpenCL/NarrowphaseCollision/kernels/satKernels.h" />
		<Unit filename="../Bullet/Bullet3OpenCL/ParallelPrimitives/b3BoundSearchCL.cpp" />
		<Unit filename="../Bullet/Bullet3OpenCL/ParallelPrimitives/b3BoundSearchCL.h" />
		<Unit filename="../Bullet/Bullet3OpenCL/ParallelPrimitives/b3BufferInfoCL.h" />
		<Unit filename="../Bullet/Bullet3OpenCL/ParallelPrimitives/b3FillCL.cpp" />
		<Unit filename="../Bullet/Bullet3OpenCL/ParallelPrimitives/b3FillCL.h" />
		<Unit filename="../Bullet/Bullet3OpenCL/ParallelPrimitives/b3LauncherCL.cpp" />
		<Unit filename="../Bullet/Bullet3OpenCL/ParallelPrimitives/b3LauncherCL.h" />
		<Unit filename="../Bullet/Bullet3OpenCL/ParallelPrimitives/b3OpenCLArray.h" />
		<Unit filename="../Bullet/Bullet3OpenCL/ParallelPrimitives/b3PrefixScanCL.cpp" />
		<Unit filename="../Bullet/Bullet3OpenCL/ParallelPrimitives/b3PrefixScanCL.h" />
		<Unit filename="../Bullet/Bullet3OpenCL/ParallelPrimitives/b3PrefixScanFloat4CL.cpp" />
		<Unit filename="../Bullet/Bullet3OpenCL/ParallelPrimitives/b3PrefixScanFloat4CL.h" />
		<Unit filename="../Bullet/Bullet3OpenCL/ParallelPrimitives/b3RadixSort32CL.cpp" />
		<Unit filename="../Bullet/Bullet3OpenCL/ParallelPrimitives/b3RadixSort32CL.h" />
		<Unit filename="../Bullet/Bullet3OpenCL/ParallelPrimitives/kernels/BoundSearchKernelsCL.h" />
		<Unit filename="../Bullet/Bullet3OpenCL/ParallelPrimitives/kernels/CopyKernelsCL.h" />
		<Unit filename="../Bullet/Bullet3OpenCL/ParallelPrimitives/kernels/FillKernelsCL.h" />
		<Unit filename="../Bullet/Bullet3OpenCL/ParallelPrimitives/kernels/PrefixScanKernelsCL.h" />
		<Unit filename="../Bullet/Bullet3OpenCL/ParallelPrimitives/kernels/PrefixScanKernelsFloat4CL.h" />
		<Unit filename="../Bullet/Bullet3OpenCL/ParallelPrimitives/kernels/RadixSort32KernelsCL.h" />
		<Unit filename="../Bullet/Bullet3OpenCL/Raycast/b3GpuRaycast.cpp" />
		<Unit filename="../Bullet/Bullet3OpenCL/Raycast/b3GpuRaycast.h" />
		<Unit filename="../Bullet/Bullet3OpenCL/Raycast/kernels/rayCastKernels.h" />
		<Unit filename="../Bullet/Bullet3OpenCL/RigidBody/b3GpuConstraint4.h" />
		<Unit filename="../Bullet/Bullet3OpenCL/RigidBody/b3GpuGenericConstraint.cpp" />
		<Unit filename="../Bullet/Bullet3OpenCL/RigidBody/b3GpuGenericConstraint.h" />
		<Unit filename="../Bullet/Bullet3OpenCL/RigidBody/b3GpuJacobiContactSolver.cpp" />
		<Unit filename="../Bullet/Bullet3OpenCL/RigidBody/b3GpuJacobiContactSolver.h" />
		<Unit filename="../Bullet/Bullet3OpenCL/RigidBody/b3GpuNarrowPhase.cpp" />
		<Unit filename="../Bullet/Bullet3OpenCL/RigidBody/b3GpuNarrowPhase.h" />
		<Unit filename="../Bullet/Bullet3OpenCL/RigidBody/b3GpuNarrowPhaseInternalData.h" />
		<Unit filename="../Bullet/Bullet3OpenCL/RigidBody/b3GpuPgsConstraintSolver.cpp" />
		<Unit filename="../Bullet/Bullet3OpenCL/RigidBody/b3GpuPgsConstraintSolver.h" />
		<Unit filename="../Bullet/Bullet3OpenCL/RigidBody/b3GpuPgsContactSolver.cpp" />
		<Unit filename="../Bullet/Bullet3OpenCL/RigidBody/b3GpuPgsContactSolver.h" />
		<Unit filename="../Bullet/Bullet3OpenCL/RigidBody/b3GpuRigidBodyPipeline.cpp" />
		<Unit filename="../Bullet/Bullet3OpenCL/RigidBody/b3GpuRigidBodyPipeline.h" />
		<Unit filename="../Bullet/Bullet3OpenCL/RigidBody/b3GpuRigidBodyPipelineInternalData.h" />
		<Unit filename="../Bullet/Bullet3OpenCL/RigidBody/b3GpuSolverBody.h" />
		<Unit filename="../Bullet/Bullet3OpenCL/RigidBody/b3GpuSolverConstraint.h" />
		<Unit filename="../Bullet/Bullet3OpenCL/RigidBody/b3Solver.cpp" />
		<Unit filename="../Bullet/Bullet3OpenCL/RigidBody/b3Solver.h" />
		<Unit filename="../Bullet/Bullet3OpenCL/RigidBody/kernels/batchingKernels.h" />
		<Unit filename="../Bullet/Bullet3OpenCL/RigidBody/kernels/batchingKernelsNew.h" />
		<Unit filename="../Bullet/Bullet3OpenCL/RigidBody/kernels/integrateKernel.h" />
		<Unit filename="../Bullet/Bullet3OpenCL/RigidBody/kernels/jointSolver.h" />
		<Unit filename="../Bullet/Bullet3OpenCL/RigidBody/kernels/solveContact.h" />
		<Unit filename="../Bullet/Bullet3OpenCL/RigidBody/kernels/solveFriction.h" />
		<Unit filename="../Bullet/Bullet3OpenCL/RigidBody/kernels/solverSetup.h" />
		<Unit filename="../Bullet/Bullet3OpenCL/RigidBody/kernels/solverSetup2.h" />
		<Unit filename="../Bullet/Bullet3OpenCL/RigidBody/kernels/solverUtils.h" />
		<Unit filename="../Bullet/Bullet3OpenCL/RigidBody/kernels/updateAabbsKernel.h" />
		<Unit filename="../Bullet/Bullet3Serialize/Bullet2FileLoader/autogenerated/bullet2.h" />
		<Unit filename="../Bullet/Bullet3Serialize/Bullet2FileLoader/b3BulletFile.cpp" />
		<Unit filename="../Bullet/Bullet3Serialize/Bullet2FileLoader/b3BulletFile.h" />
		<Unit filename="../Bullet/Bullet3Serialize/Bullet2FileLoader/b3Chunk.cpp" />
		<Unit filename="../Bullet/Bullet3Serialize/Bullet2FileLoader/b3Chunk.h" />
		<Unit filename="../Bullet/Bullet3Serialize/Bullet2FileLoader/b3Common.h" />
		<Unit filename="../Bullet/Bullet3Serialize/Bullet2FileLoader/b3DNA.cpp" />
		<Unit filename="../Bullet/Bullet3Serialize/Bullet2FileLoader/b3DNA.h" />
		<Unit filename="../Bullet/Bullet3Serialize/Bullet2FileLoader/b3Defines.h" />
		<Unit filename="../Bullet/Bullet3Serialize/Bullet2FileLoader/b3File.cpp" />
		<Unit filename="../Bullet/Bullet3Serialize/Bullet2FileLoader/b3File.h" />
		<Unit filename="../Bullet/Bullet3Serialize/Bullet2FileLoader/b3Serializer.cpp" />
		<Unit filename="../Bullet/Bullet3Serialize/Bullet2FileLoader/b3Serializer.h" />
		<Unit filename="../Bullet/BulletCollision/BroadphaseCollision/btAxisSweep3.cpp" />
		<Unit filename="../Bullet/BulletCollision/BroadphaseCollision/btAxisSweep3.h" />
		<Unit filename="../Bullet/BulletCollision/BroadphaseCollision/btBroadphaseInterface.h" />
		<Unit filename="../Bullet/BulletCollision/BroadphaseCollision/btBroadphaseProxy.cpp" />
		<Unit filename="../Bullet/BulletCollision/BroadphaseCollision/btBroadphaseProxy.h" />
		<Unit filename="../Bullet/BulletCollision/BroadphaseCollision/btCollisionAlgorithm.cpp" />
		<Unit filename="../Bullet/BulletCollision/BroadphaseCollision/btCollisionAlgorithm.h" />
		<Unit filename="../Bullet/BulletCollision/BroadphaseCollision/btDbvt.cpp" />
		<Unit filename="../Bullet/BulletCollision/BroadphaseCollision/btDbvt.h" />
		<Unit filename="../Bullet/BulletCollision/BroadphaseCollision/btDbvtBroadphase.cpp" />
		<Unit filename="../Bullet/BulletCollision/BroadphaseCollision/btDbvtBroadphase.h" />
		<Unit filename="../Bullet/BulletCollision/BroadphaseCollision/btDispatcher.cpp" />
		<Unit filename="../Bullet/BulletCollision/BroadphaseCollision/btDispatcher.h" />
		<Unit filename="../Bullet/BulletCollision/BroadphaseCollision/btMultiSapBroadphase.cpp" />
		<Unit filename="../Bullet/BulletCollision/BroadphaseCollision/btMultiSapBroadphase.h" />
		<Unit filename="../Bullet/BulletCollision/BroadphaseCollision/btOverlappingPairCache.cpp" />
		<Unit filename="../Bullet/BulletCollision/BroadphaseCollision/btOverlappingPairCache.h" />
		<Unit filename="../Bullet/BulletCollision/BroadphaseCollision/btOverlappingPairCallback.h" />
		<Unit filename="../Bullet/BulletCollision/BroadphaseCollision/btQuantizedBvh.cpp" />
		<Unit filename="../Bullet/BulletCollision/BroadphaseCollision/btQuantizedBvh.h" />
		<Unit filename="../Bullet/BulletCollision/BroadphaseCollision/btSimpleBroadphase.cpp" />
		<Unit filename="../Bullet/BulletCollision/BroadphaseCollision/btSimpleBroadphase.h" />
		<Unit filename="../Bullet/BulletCollision/CollisionDispatch/SphereTriangleDetector.cpp" />
		<Unit filename="../Bullet/BulletCollision/CollisionDispatch/SphereTriangleDetector.h" />
		<Unit filename="../Bullet/BulletCollision/CollisionDispatch/btActivatingCollisionAlgorithm.cpp" />
		<Unit filename="../Bullet/BulletCollision/CollisionDispatch/btActivatingCollisionAlgorithm.h" />
		<Unit filename="../Bullet/BulletCollision/CollisionDispatch/btBox2dBox2dCollisionAlgorithm.cpp" />
		<Unit filename="../Bullet/BulletCollision/CollisionDispatch/btBox2dBox2dCollisionAlgorithm.h" />
		<Unit filename="../Bullet/BulletCollision/CollisionDispatch/btBoxBoxCollisionAlgorithm.cpp" />
		<Unit filename="../Bullet/BulletCollision/CollisionDispatch/btBoxBoxCollisionAlgorithm.h" />
		<Unit filename="../Bullet/BulletCollision/CollisionDispatch/btBoxBoxDetector.cpp" />
		<Unit filename="../Bullet/BulletCollision/CollisionDispatch/btBoxBoxDetector.h" />
		<Unit filename="../Bullet/BulletCollision/CollisionDispatch/btCollisionConfiguration.h" />
		<Unit filename="../Bullet/BulletCollision/CollisionDispatch/btCollisionCreateFunc.h" />
		<Unit filename="../Bullet/BulletCollision/CollisionDispatch/btCollisionDispatcher.cpp" />
		<Unit filename="../Bullet/BulletCollision/CollisionDispatch/btCollisionDispatcher.h" />
		<Unit filename="../Bullet/BulletCollision/CollisionDispatch/btCollisionObject.cpp" />
		<Unit filename="../Bullet/BulletCollision/CollisionDispatch/btCollisionObject.h" />
		<Unit filename="../Bullet/BulletCollision/CollisionDispatch/btCollisionObjectWrapper.h" />
		<Unit filename="../Bullet/BulletCollision/CollisionDispatch/btCollisionWorld.cpp" />
		<Unit filename="../Bullet/BulletCollision/CollisionDispatch/btCollisionWorld.h" />
		<Unit filename="../Bullet/BulletCollision/CollisionDispatch/btCollisionWorldImporter.cpp" />
		<Unit filename="../Bullet/BulletCollision/CollisionDispatch/btCollisionWorldImporter.h" />
		<Unit filename="../Bullet/BulletCollision/CollisionDispatch/btCompoundCollisionAlgorithm.cpp" />
		<Unit filename="../Bullet/BulletCollision/CollisionDispatch/btCompoundCollisionAlgorithm.h" />
		<Unit filename="../Bullet/BulletCollision/CollisionDispatch/btCompoundCompoundCollisionAlgorithm.cpp" />
		<Unit filename="../Bullet/BulletCollision/CollisionDispatch/btCompoundCompoundCollisionAlgorithm.h" />
		<Unit filename="../Bullet/BulletCollision/CollisionDispatch/btConvex2dConvex2dAlgorithm.cpp" />
		<Unit filename="../Bullet/BulletCollision/CollisionDispatch/btConvex2dConvex2dAlgorithm.h" />
		<Unit filename="../Bullet/BulletCollision/CollisionDispatch/btConvexConcaveCollisionAlgorithm.cpp" />
		<Unit filename="../Bullet/BulletCollision/CollisionDispatch/btConvexConcaveCollisionAlgorithm.h" />
		<Unit filename="../Bullet/BulletCollision/CollisionDispatch/btConvexConvexAlgorithm.cpp" />
		<Unit filename="../Bullet/BulletCollision/CollisionDispatch/btConvexConvexAlgorithm.h" />
		<Unit filename="../Bullet/BulletCollision/CollisionDispatch/btConvexPlaneCollisionAlgorithm.cpp" />
		<Unit filename="../Bullet/BulletCollision/CollisionDispatch/btConvexPlaneCollisionAlgorithm.h" />
		<Unit filename="../Bullet/BulletCollision/CollisionDispatch/btDefaultCollisionConfiguration.cpp" />
		<Unit filename="../Bullet/BulletCollision/CollisionDispatch/btDefaultCollisionConfiguration.h" />
		<Unit filename="../Bullet/BulletCollision/CollisionDispatch/btEmptyCollisionAlgorithm.cpp" />
		<Unit filename="../Bullet/BulletCollision/CollisionDispatch/btEmptyCollisionAlgorithm.h" />
		<Unit filename="../Bullet/BulletCollision/CollisionDispatch/btGhostObject.cpp" />
		<Unit filename="../Bullet/BulletCollision/CollisionDispatch/btGhostObject.h" />
		<Unit filename="../Bullet/BulletCollision/CollisionDispatch/btHashedSimplePairCache.cpp" />
		<Unit filename="../Bullet/BulletCollision/CollisionDispatch/btHashedSimplePairCache.h" />
		<Unit filename="../Bullet/BulletCollision/CollisionDispatch/btInternalEdgeUtility.cpp" />
		<Unit filename="../Bullet/BulletCollision/CollisionDispatch/btInternalEdgeUtility.h" />
		<Unit filename="../Bullet/BulletCollision/CollisionDispatch/btManifoldResult.cpp" />
		<Unit filename="../Bullet/BulletCollision/CollisionDispatch/btManifoldResult.h" />
		<Unit filename="../Bullet/BulletCollision/CollisionDispatch/btSimulationIslandManager.cpp" />
		<Unit filename="../Bullet/BulletCollision/CollisionDispatch/btSimulationIslandManager.h" />
		<Unit filename="../Bullet/BulletCollision/CollisionDispatch/btSphereBoxCollisionAlgorithm.cpp" />
		<Unit filename="../Bullet/BulletCollision/CollisionDispatch/btSphereBoxCollisionAlgorithm.h" />
		<Unit filename="../Bullet/BulletCollision/CollisionDispatch/btSphereSphereCollisionAlgorithm.cpp" />
		<Unit filename="../Bullet/BulletCollision/CollisionDispatch/btSphereSphereCollisionAlgorithm.h" />
		<Unit filename="../Bullet/BulletCollision/CollisionDispatch/btSphereTriangleCollisionAlgorithm.cpp" />
		<Unit filename="../Bullet/BulletCollision/CollisionDispatch/btSphereTriangleCollisionAlgorithm.h" />
		<Unit filename="../Bullet/BulletCollision/CollisionDispatch/btUnionFind.cpp" />
		<Unit filename="../Bullet/BulletCollision/CollisionDispatch/btUnionFind.h" />
		<Unit filename="../Bullet/BulletCollision/CollisionShapes/btBox2dShape.cpp" />
		<Unit filename="../Bullet/BulletCollision/CollisionShapes/btBox2dShape.h" />
		<Unit filename="../Bullet/BulletCollision/CollisionShapes/btBoxShape.cpp" />
		<Unit filename="../Bullet/BulletCollision/CollisionShapes/btBoxShape.h" />
		<Unit filename="../Bullet/BulletCollision/CollisionShapes/btBvhTriangleMeshShape.cpp" />
		<Unit filename="../Bullet/BulletCollision/CollisionShapes/btBvhTriangleMeshShape.h" />
		<Unit filename="../Bullet/BulletCollision/CollisionShapes/btCapsuleShape.cpp" />
		<Unit filename="../Bullet/BulletCollision/CollisionShapes/btCapsuleShape.h" />
		<Unit filename="../Bullet/BulletCollision/CollisionShapes/btCollisionMargin.h" />
		<Unit filename="../Bullet/BulletCollision/CollisionShapes/btCollisionShape.cpp" />
		<Unit filename="../Bullet/BulletCollision/CollisionShapes/btCollisionShape.h" />
		<Unit filename="../Bullet/BulletCollision/CollisionShapes/btCompoundShape.cpp" />
		<Unit filename="../Bullet/BulletCollision/CollisionShapes/btCompoundShape.h" />
		<Unit filename="../Bullet/BulletCollision/CollisionShapes/btConcaveShape.cpp" />
		<Unit filename="../Bullet/BulletCollision/CollisionShapes/btConcaveShape.h" />
		<Unit filename="../Bullet/BulletCollision/CollisionShapes/btConeShape.cpp" />
		<Unit filename="../Bullet/BulletCollision/CollisionShapes/btConeShape.h" />
		<Unit filename="../Bullet/BulletCollision/CollisionShapes/btConvex2dShape.cpp" />
		<Unit filename="../Bullet/BulletCollision/CollisionShapes/btConvex2dShape.h" />
		<Unit filename="../Bullet/BulletCollision/CollisionShapes/btConvexHullShape.cpp" />
		<Unit filename="../Bullet/BulletCollision/CollisionShapes/btConvexHullShape.h" />
		<Unit filename="../Bullet/BulletCollision/CollisionShapes/btConvexInternalShape.cpp" />
		<Unit filename="../Bullet/BulletCollision/CollisionShapes/btConvexInternalShape.h" />
		<Unit filename="../Bullet/BulletCollision/CollisionShapes/btConvexPointCloudShape.cpp" />
		<Unit filename="../Bullet/BulletCollision/CollisionShapes/btConvexPointCloudShape.h" />
		<Unit filename="../Bullet/BulletCollision/CollisionShapes/btConvexPolyhedron.cpp" />
		<Unit filename="../Bullet/BulletCollision/CollisionShapes/btConvexPolyhedron.h" />
		<Unit filename="../Bullet/BulletCollision/CollisionShapes/btConvexShape.cpp" />
		<Unit filename="../Bullet/BulletCollision/CollisionShapes/btConvexShape.h" />
		<Unit filename="../Bullet/BulletCollision/CollisionShapes/btConvexTriangleMeshShape.cpp" />
		<Unit filename="../Bullet/BulletCollision/CollisionShapes/btConvexTriangleMeshShape.h" />
		<Unit filename="../Bullet/BulletCollision/CollisionShapes/btCylinderShape.cpp" />
		<Unit filename="../Bullet/BulletCollision/CollisionShapes/btCylinderShape.h" />
		<Unit filename="../Bullet/BulletCollision/CollisionShapes/btEmptyShape.cpp" />
		<Unit filename="../Bullet/BulletCollision/CollisionShapes/btEmptyShape.h" />
		<Unit filename="../Bullet/BulletCollision/CollisionShapes/btHeightfieldTerrainShape.cpp" />
		<Unit filename="../Bullet/BulletCollision/CollisionShapes/btHeightfieldTerrainShape.h" />
		<Unit filename="../Bullet/BulletCollision/CollisionShapes/btMaterial.h" />
		<Unit filename="../Bullet/BulletCollision/CollisionShapes/btMinkowskiSumShape.cpp" />
		<Unit filename="../Bullet/BulletCollision/CollisionShapes/btMinkowskiSumShape.h" />
		<Unit filename="../Bullet/BulletCollision/CollisionShapes/btMultiSphereShape.cpp" />
		<Unit filename="../Bullet/BulletCollision/CollisionShapes/btMultiSphereShape.h" />
		<Unit filename="../Bullet/BulletCollision/CollisionShapes/btMultimaterialTriangleMeshShape.cpp" />
		<Unit filename="../Bullet/BulletCollision/CollisionShapes/btMultimaterialTriangleMeshShape.h" />
		<Unit filename="../Bullet/BulletCollision/CollisionShapes/btOptimizedBvh.cpp" />
		<Unit filename="../Bullet/BulletCollision/CollisionShapes/btOptimizedBvh.h" />
		<Unit filename="../Bullet/BulletCollision/CollisionShapes/btPolyhedralConvexShape.cpp" />
		<Unit filename="../Bullet/BulletCollision/CollisionShapes/btPolyhedralConvexShape.h" />
		<Unit filename="../Bullet/BulletCollision/CollisionShapes/btScaledBvhTriangleMeshShape.cpp" />
		<Unit filename="../Bullet/BulletCollision/CollisionShapes/btScaledBvhTriangleMeshShape.h" />
		<Unit filename="../Bullet/BulletCollision/CollisionShapes/btShapeHull.cpp" />
		<Unit filename="../Bullet/BulletCollision/CollisionShapes/btShapeHull.h" />
		<Unit filename="../Bullet/BulletCollision/CollisionShapes/btSphereShape.cpp" />
		<Unit filename="../Bullet/BulletCollision/CollisionShapes/btSphereShape.h" />
		<Unit filename="../Bullet/BulletCollision/CollisionShapes/btStaticPlaneShape.cpp" />
		<Unit filename="../Bullet/BulletCollision/CollisionShapes/btStaticPlaneShape.h" />
		<Unit filename="../Bullet/BulletCollision/CollisionShapes/btStridingMeshInterface.cpp" />
		<Unit filename="../Bullet/BulletCollision/CollisionShapes/btStridingMeshInterface.h" />
		<Unit filename="../Bullet/BulletCollision/CollisionShapes/btTetrahedronShape.cpp" />
		<Unit filename="../Bullet/BulletCollision/CollisionShapes/btTetrahedronShape.h" />
		<Unit filename="../Bullet/BulletCollision/CollisionShapes/btTriangleBuffer.cpp" />
		<Unit filename="../Bullet/BulletCollision/CollisionShapes/btTriangleBuffer.h" />
		<Unit filename="../Bullet/BulletCollision/CollisionShapes/btTriangleCallback.cpp" />
		<Unit filename="../Bullet/BulletCollision/CollisionShapes/btTriangleCallback.h" />
		<Unit filename="../Bullet/BulletCollision/CollisionShapes/btTriangleIndexVertexArray.cpp" />
		<Unit filename="../Bullet/BulletCollision/CollisionShapes/btTriangleIndexVertexArray.h" />
		<Unit filename="../Bullet/BulletCollision/CollisionShapes/btTriangleIndexVertexMaterialArray.cpp" />
		<Unit filename="../Bullet/BulletCollision/CollisionShapes/btTriangleIndexVertexMaterialArray.h" />
		<Unit filename="../Bullet/BulletCollision/CollisionShapes/btTriangleInfoMap.h" />
		<Unit filename="../Bullet/BulletCollision/CollisionShapes/btTriangleMesh.cpp" />
		<Unit filename="../Bullet/BulletCollision/CollisionShapes/btTriangleMesh.h" />
		<Unit filename="../Bullet/BulletCollision/CollisionShapes/btTriangleMeshShape.cpp" />
		<Unit filename="../Bullet/BulletCollision/CollisionShapes/btTriangleMeshShape.h" />
		<Unit filename="../Bullet/BulletCollision/CollisionShapes/btTriangleShape.h" />
		<Unit filename="../Bullet/BulletCollision/CollisionShapes/btUniformScalingShape.cpp" />
		<Unit filename="../Bullet/BulletCollision/CollisionShapes/btUniformScalingShape.h" />
		<Unit filename="../Bullet/BulletCollision/Gimpact/btBoxCollision.h" />
		<Unit filename="../Bullet/BulletCollision/Gimpact/btClipPolygon.h" />
		<Unit filename="../Bullet/BulletCollision/Gimpact/btCompoundFromGimpact.h" />
		<Unit filename="../Bullet/BulletCollision/Gimpact/btContactProcessing.cpp" />
		<Unit filename="../Bullet/BulletCollision/Gimpact/btContactProcessing.h" />
		<Unit filename="../Bullet/BulletCollision/Gimpact/btGImpactBvh.cpp" />
		<Unit filename="../Bullet/BulletCollision/Gimpact/btGImpactBvh.h" />
		<Unit filename="../Bullet/BulletCollision/Gimpact/btGImpactCollisionAlgorithm.cpp" />
		<Unit filename="../Bullet/BulletCollision/Gimpact/btGImpactCollisionAlgorithm.h" />
		<Unit filename="../Bullet/BulletCollision/Gimpact/btGImpactMassUtil.h" />
		<Unit filename="../Bullet/BulletCollision/Gimpact/btGImpactQuantizedBvh.cpp" />
		<Unit filename="../Bullet/BulletCollision/Gimpact/btGImpactQuantizedBvh.h" />
		<Unit filename="../Bullet/BulletCollision/Gimpact/btGImpactShape.cpp" />
		<Unit filename="../Bullet/BulletCollision/Gimpact/btGImpactShape.h" />
		<Unit filename="../Bullet/BulletCollision/Gimpact/btGenericPoolAllocator.cpp" />
		<Unit filename="../Bullet/BulletCollision/Gimpact/btGenericPoolAllocator.h" />
		<Unit filename="../Bullet/BulletCollision/Gimpact/btGeometryOperations.h" />
		<Unit filename="../Bullet/BulletCollision/Gimpact/btQuantization.h" />
		<Unit filename="../Bullet/BulletCollision/Gimpact/btTriangleShapeEx.cpp" />
		<Unit filename="../Bullet/BulletCollision/Gimpact/btTriangleShapeEx.h" />
		<Unit filename="../Bullet/BulletCollision/Gimpact/gim_array.h" />
		<Unit filename="../Bullet/BulletCollision/Gimpact/gim_basic_geometry_operations.h" />
		<Unit filename="../Bullet/BulletCollision/Gimpact/gim_bitset.h" />
		<Unit filename="../Bullet/BulletCollision/Gimpact/gim_box_collision.h" />
		<Unit filename="../Bullet/BulletCollision/Gimpact/gim_box_set.cpp" />
		<Unit filename="../Bullet/BulletCollision/Gimpact/gim_box_set.h" />
		<Unit filename="../Bullet/BulletCollision/Gimpact/gim_clip_polygon.h" />
		<Unit filename="../Bullet/BulletCollision/Gimpact/gim_contact.cpp" />
		<Unit filename="../Bullet/BulletCollision/Gimpact/gim_contact.h" />
		<Unit filename="../Bullet/BulletCollision/Gimpact/gim_geom_types.h" />
		<Unit filename="../Bullet/BulletCollision/Gimpact/gim_geometry.h" />
		<Unit filename="../Bullet/BulletCollision/Gimpact/gim_hash_table.h" />
		<Unit filename="../Bullet/BulletCollision/Gimpact/gim_linear_math.h" />
		<Unit filename="../Bullet/BulletCollision/Gimpact/gim_math.h" />
		<Unit filename="../Bullet/BulletCollision/Gimpact/gim_memory.cpp" />
		<Unit filename="../Bullet/BulletCollision/Gimpact/gim_memory.h" />
		<Unit filename="../Bullet/BulletCollision/Gimpact/gim_radixsort.h" />
		<Unit filename="../Bullet/BulletCollision/Gimpact/gim_tri_collision.cpp" />
		<Unit filename="../Bullet/BulletCollision/Gimpact/gim_tri_collision.h" />
		<Unit filename="../Bullet/BulletCollision/NarrowPhaseCollision/btComputeGjkEpaPenetration.h" />
		<Unit filename="../Bullet/BulletCollision/NarrowPhaseCollision/btContinuousConvexCollision.cpp" />
		<Unit filename="../Bullet/BulletCollision/NarrowPhaseCollision/btContinuousConvexCollision.h" />
		<Unit filename="../Bullet/BulletCollision/NarrowPhaseCollision/btConvexCast.cpp" />
		<Unit filename="../Bullet/BulletCollision/NarrowPhaseCollision/btConvexCast.h" />
		<Unit filename="../Bullet/BulletCollision/NarrowPhaseCollision/btConvexPenetrationDepthSolver.h" />
		<Unit filename="../Bullet/BulletCollision/NarrowPhaseCollision/btDiscreteCollisionDetectorInterface.h" />
		<Unit filename="../Bullet/BulletCollision/NarrowPhaseCollision/btGjkCollisionDescription.h" />
		<Unit filename="../Bullet/BulletCollision/NarrowPhaseCollision/btGjkConvexCast.cpp" />
		<Unit filename="../Bullet/BulletCollision/NarrowPhaseCollision/btGjkConvexCast.h" />
		<Unit filename="../Bullet/BulletCollision/NarrowPhaseCollision/btGjkEpa2.cpp" />
		<Unit filename="../Bullet/BulletCollision/NarrowPhaseCollision/btGjkEpa2.h" />
		<Unit filename="../Bullet/BulletCollision/NarrowPhaseCollision/btGjkEpa3.h" />
		<Unit filename="../Bullet/BulletCollision/NarrowPhaseCollision/btGjkEpaPenetrationDepthSolver.cpp" />
		<Unit filename="../Bullet/BulletCollision/NarrowPhaseCollision/btGjkEpaPenetrationDepthSolver.h" />
		<Unit filename="../Bullet/BulletCollision/NarrowPhaseCollision/btGjkPairDetector.cpp" />
		<Unit filename="../Bullet/BulletCollision/NarrowPhaseCollision/btGjkPairDetector.h" />
		<Unit filename="../Bullet/BulletCollision/NarrowPhaseCollision/btManifoldPoint.h" />
		<Unit filename="../Bullet/BulletCollision/NarrowPhaseCollision/btMinkowskiPenetrationDepthSolver.cpp" />
		<Unit filename="../Bullet/BulletCollision/NarrowPhaseCollision/btMinkowskiPenetrationDepthSolver.h" />
		<Unit filename="../Bullet/BulletCollision/NarrowPhaseCollision/btMprPenetration.h" />
		<Unit filename="../Bullet/BulletCollision/NarrowPhaseCollision/btPersistentManifold.cpp" />
		<Unit filename="../Bullet/BulletCollision/NarrowPhaseCollision/btPersistentManifold.h" />
		<Unit filename="../Bullet/BulletCollision/NarrowPhaseCollision/btPointCollector.h" />
		<Unit filename="../Bullet/BulletCollision/NarrowPhaseCollision/btPolyhedralContactClipping.cpp" />
		<Unit filename="../Bullet/BulletCollision/NarrowPhaseCollision/btPolyhedralContactClipping.h" />
		<Unit filename="../Bullet/BulletCollision/NarrowPhaseCollision/btRaycastCallback.cpp" />
		<Unit filename="../Bullet/BulletCollision/NarrowPhaseCollision/btRaycastCallback.h" />
		<Unit filename="../Bullet/BulletCollision/NarrowPhaseCollision/btSimplexSolverInterface.h" />
		<Unit filename="../Bullet/BulletCollision/NarrowPhaseCollision/btSubSimplexConvexCast.cpp" />
		<Unit filename="../Bullet/BulletCollision/NarrowPhaseCollision/btSubSimplexConvexCast.h" />
		<Unit filename="../Bullet/BulletCollision/NarrowPhaseCollision/btVoronoiSimplexSolver.cpp" />
		<Unit filename="../Bullet/BulletCollision/NarrowPhaseCollision/btVoronoiSimplexSolver.h" />
		<Unit filename="../Bullet/BulletDynamics/Character/btCharacterControllerInterface.h" />
		<Unit filename="../Bullet/BulletDynamics/Character/btKinematicCharacterController.cpp" />
		<Unit filename="../Bullet/BulletDynamics/Character/btKinematicCharacterController.h" />
		<Unit filename="../Bullet/BulletDynamics/ConstraintSolver/btConeTwistConstraint.cpp" />
		<Unit filename="../Bullet/BulletDynamics/ConstraintSolver/btConeTwistConstraint.h" />
		<Unit filename="../Bullet/BulletDynamics/ConstraintSolver/btConstraintSolver.h" />
		<Unit filename="../Bullet/BulletDynamics/ConstraintSolver/btContactConstraint.cpp" />
		<Unit filename="../Bullet/BulletDynamics/ConstraintSolver/btContactConstraint.h" />
		<Unit filename="../Bullet/BulletDynamics/ConstraintSolver/btContactSolverInfo.h" />
		<Unit filename="../Bullet/BulletDynamics/ConstraintSolver/btFixedConstraint.cpp" />
		<Unit filename="../Bullet/BulletDynamics/ConstraintSolver/btFixedConstraint.h" />
		<Unit filename="../Bullet/BulletDynamics/ConstraintSolver/btGearConstraint.cpp" />
		<Unit filename="../Bullet/BulletDynamics/ConstraintSolver/btGearConstraint.h" />
		<Unit filename="../Bullet/BulletDynamics/ConstraintSolver/btGeneric6DofConstraint.cpp" />
		<Unit filename="../Bullet/BulletDynamics/ConstraintSolver/btGeneric6DofConstraint.h" />
		<Unit filename="../Bullet/BulletDynamics/ConstraintSolver/btGeneric6DofSpring2Constraint.cpp" />
		<Unit filename="../Bullet/BulletDynamics/ConstraintSolver/btGeneric6DofSpring2Constraint.h" />
		<Unit filename="../Bullet/BulletDynamics/ConstraintSolver/btGeneric6DofSpringConstraint.cpp" />
		<Unit filename="../Bullet/BulletDynamics/ConstraintSolver/btGeneric6DofSpringConstraint.h" />
		<Unit filename="../Bullet/BulletDynamics/ConstraintSolver/btHinge2Constraint.cpp" />
		<Unit filename="../Bullet/BulletDynamics/ConstraintSolver/btHinge2Constraint.h" />
		<Unit filename="../Bullet/BulletDynamics/ConstraintSolver/btHingeConstraint.cpp" />
		<Unit filename="../Bullet/BulletDynamics/ConstraintSolver/btHingeConstraint.h" />
		<Unit filename="../Bullet/BulletDynamics/ConstraintSolver/btJacobianEntry.h" />
		<Unit filename="../Bullet/BulletDynamics/ConstraintSolver/btNNCGConstraintSolver.cpp" />
		<Unit filename="../Bullet/BulletDynamics/ConstraintSolver/btNNCGConstraintSolver.h" />
		<Unit filename="../Bullet/BulletDynamics/ConstraintSolver/btPoint2PointConstraint.cpp" />
		<Unit filename="../Bullet/BulletDynamics/ConstraintSolver/btPoint2PointConstraint.h" />
		<Unit filename="../Bullet/BulletDynamics/ConstraintSolver/btSequentialImpulseConstraintSolver.cpp" />
		<Unit filename="../Bullet/BulletDynamics/ConstraintSolver/btSequentialImpulseConstraintSolver.h" />
		<Unit filename="../Bullet/BulletDynamics/ConstraintSolver/btSliderConstraint.cpp" />
		<Unit filename="../Bullet/BulletDynamics/ConstraintSolver/btSliderConstraint.h" />
		<Unit filename="../Bullet/BulletDynamics/ConstraintSolver/btSolve2LinearConstraint.cpp" />
		<Unit filename="../Bullet/BulletDynamics/ConstraintSolver/btSolve2LinearConstraint.h" />
		<Unit filename="../Bullet/BulletDynamics/ConstraintSolver/btSolverBody.h" />
		<Unit filename="../Bullet/BulletDynamics/ConstraintSolver/btSolverConstraint.h" />
		<Unit filename="../Bullet/BulletDynamics/ConstraintSolver/btTypedConstraint.cpp" />
		<Unit filename="../Bullet/BulletDynamics/ConstraintSolver/btTypedConstraint.h" />
		<Unit filename="../Bullet/BulletDynamics/ConstraintSolver/btUniversalConstraint.cpp" />
		<Unit filename="../Bullet/BulletDynamics/ConstraintSolver/btUniversalConstraint.h" />
		<Unit filename="../Bullet/BulletDynamics/Dynamics/btActionInterface.h" />
		<Unit filename="../Bullet/BulletDynamics/Dynamics/btDiscreteDynamicsWorld.cpp" />
		<Unit filename="../Bullet/BulletDynamics/Dynamics/btDiscreteDynamicsWorld.h" />
		<Unit filename="../Bullet/BulletDynamics/Dynamics/btDynamicsWorld.h" />
		<Unit filename="../Bullet/BulletDynamics/Dynamics/btRigidBody.cpp" />
		<Unit filename="../Bullet/BulletDynamics/Dynamics/btRigidBody.h" />
		<Unit filename="../Bullet/BulletDynamics/Dynamics/btSimpleDynamicsWorld.cpp" />
		<Unit filename="../Bullet/BulletDynamics/Dynamics/btSimpleDynamicsWorld.h" />
		<Unit filename="../Bullet/BulletDynamics/Featherstone/btMultiBody.cpp" />
		<Unit filename="../Bullet/BulletDynamics/Featherstone/btMultiBody.h" />
		<Unit filename="../Bullet/BulletDynamics/Featherstone/btMultiBodyConstraint.cpp" />
		<Unit filename="../Bullet/BulletDynamics/Featherstone/btMultiBodyConstraint.h" />
		<Unit filename="../Bullet/BulletDynamics/Featherstone/btMultiBodyConstraintSolver.cpp" />
		<Unit filename="../Bullet/BulletDynamics/Featherstone/btMultiBodyConstraintSolver.h" />
		<Unit filename="../Bullet/BulletDynamics/Featherstone/btMultiBodyDynamicsWorld.cpp" />
		<Unit filename="../Bullet/BulletDynamics/Featherstone/btMultiBodyDynamicsWorld.h" />
		<Unit filename="../Bullet/BulletDynamics/Featherstone/btMultiBodyJointLimitConstraint.cpp" />
		<Unit filename="../Bullet/BulletDynamics/Featherstone/btMultiBodyJointLimitConstraint.h" />
		<Unit filename="../Bullet/BulletDynamics/Featherstone/btMultiBodyJointMotor.cpp" />
		<Unit filename="../Bullet/BulletDynamics/Featherstone/btMultiBodyJointMotor.h" />
		<Unit filename="../Bullet/BulletDynamics/Featherstone/btMultiBodyLink.h" />
		<Unit filename="../Bullet/BulletDynamics/Featherstone/btMultiBodyLinkCollider.h" />
		<Unit filename="../Bullet/BulletDynamics/Featherstone/btMultiBodyPoint2Point.cpp" />
		<Unit filename="../Bullet/BulletDynamics/Featherstone/btMultiBodyPoint2Point.h" />
		<Unit filename="../Bullet/BulletDynamics/Featherstone/btMultiBodySolverConstraint.h" />
		<Unit filename="../Bullet/BulletDynamics/MLCPSolvers/btDantzigLCP.cpp" />
		<Unit filename="../Bullet/BulletDynamics/MLCPSolvers/btDantzigLCP.h" />
		<Unit filename="../Bullet/BulletDynamics/MLCPSolvers/btDantzigSolver.h" />
		<Unit filename="../Bullet/BulletDynamics/MLCPSolvers/btLemkeAlgorithm.cpp" />
		<Unit filename="../Bullet/BulletDynamics/MLCPSolvers/btLemkeAlgorithm.h" />
		<Unit filename="../Bullet/BulletDynamics/MLCPSolvers/btLemkeSolver.h" />
		<Unit filename="../Bullet/BulletDynamics/MLCPSolvers/btMLCPSolver.cpp" />
		<Unit filename="../Bullet/BulletDynamics/MLCPSolvers/btMLCPSolver.h" />
		<Unit filename="../Bullet/BulletDynamics/MLCPSolvers/btMLCPSolverInterface.h" />
		<Unit filename="../Bullet/BulletDynamics/MLCPSolvers/btPATHSolver.h" />
		<Unit filename="../Bullet/BulletDynamics/MLCPSolvers/btSolveProjectedGaussSeidel.h" />
		<Unit filename="../Bullet/BulletDynamics/Vehicle/btRaycastVehicle.cpp" />
		<Unit filename="../Bullet/BulletDynamics/Vehicle/btRaycastVehicle.h" />
		<Unit filename="../Bullet/BulletDynamics/Vehicle/btVehicleRaycaster.h" />
		<Unit filename="../Bullet/BulletDynamics/Vehicle/btWheelInfo.cpp" />
		<Unit filename="../Bullet/BulletDynamics/Vehicle/btWheelInfo.h" />
		<Unit filename="../Bullet/BulletSoftBody/btDefaultSoftBodySolver.cpp" />
		<Unit filename="../Bullet/BulletSoftBody/btDefaultSoftBodySolver.h" />
		<Unit filename="../Bullet/BulletSoftBody/btSoftBody.cpp" />
		<Unit filename="../Bullet/BulletSoftBody/btSoftBody.h" />
		<Unit filename="../Bullet/BulletSoftBody/btSoftBodyConcaveCollisionAlgorithm.cpp" />
		<Unit filename="../Bullet/BulletSoftBody/btSoftBodyConcaveCollisionAlgorithm.h" />
		<Unit filename="../Bullet/BulletSoftBody/btSoftBodyData.h" />
		<Unit filename="../Bullet/BulletSoftBody/btSoftBodyHelpers.cpp" />
		<Unit filename="../Bullet/BulletSoftBody/btSoftBodyHelpers.h" />
		<Unit filename="../Bullet/BulletSoftBody/btSoftBodyInternals.h" />
		<Unit filename="../Bullet/BulletSoftBody/btSoftBodyRigidBodyCollisionConfiguration.cpp" />
		<Unit filename="../Bullet/BulletSoftBody/btSoftBodyRigidBodyCollisionConfiguration.h" />
		<Unit filename="../Bullet/BulletSoftBody/btSoftBodySolverVertexBuffer.h" />
		<Unit filename="../Bullet/BulletSoftBody/btSoftBodySolvers.h" />
		<Unit filename="../Bullet/BulletSoftBody/btSoftRigidCollisionAlgorithm.cpp" />
		<Unit filename="../Bullet/BulletSoftBody/btSoftRigidCollisionAlgorithm.h" />
		<Unit filename="../Bullet/BulletSoftBody/btSoftRigidDynamicsWorld.cpp" />
		<Unit filename="../Bullet/BulletSoftBody/btSoftRigidDynamicsWorld.h" />
		<Unit filename="../Bullet/BulletSoftBody/btSoftSoftCollisionAlgorithm.cpp" />
		<Unit filename="../Bullet/BulletSoftBody/btSoftSoftCollisionAlgorithm.h" />
		<Unit filename="../Bullet/BulletSoftBody/btSparseSDF.h" />
		<Unit filename="../Bullet/LinearMath/btAabbUtil2.h" />
		<Unit filename="../Bullet/LinearMath/btAlignedAllocator.cpp" />
		<Unit filename="../Bullet/LinearMath/btAlignedAllocator.h" />
		<Unit filename="../Bullet/LinearMath/btAlignedObjectArray.h" />
		<Unit filename="../Bullet/LinearMath/btConvexHull.cpp" />
		<Unit filename="../Bullet/LinearMath/btConvexHull.h" />
		<Unit filename="../Bullet/LinearMath/btConvexHullComputer.cpp" />
		<Unit filename="../Bullet/LinearMath/btConvexHullComputer.h" />
		<Unit filename="../Bullet/LinearMath/btCpuFeatureUtility.h" />
		<Unit filename="../Bullet/LinearMath/btDefaultMotionState.h" />
		<Unit filename="../Bullet/LinearMath/btGeometryUtil.cpp" />
		<Unit filename="../Bullet/LinearMath/btGeometryUtil.h" />
		<Unit filename="../Bullet/LinearMath/btGrahamScan2dConvexHull.h" />
		<Unit filename="../Bullet/LinearMath/btHashMap.h" />
		<Unit filename="../Bullet/LinearMath/btIDebugDraw.h" />
		<Unit filename="../Bullet/LinearMath/btList.h" />
		<Unit filename="../Bullet/LinearMath/btMatrix3x3.h" />
		<Unit filename="../Bullet/LinearMath/btMatrixX.h" />
		<Unit filename="../Bullet/LinearMath/btMinMax.h" />
		<Unit filename="../Bullet/LinearMath/btMotionState.h" />
		<Unit filename="../Bullet/LinearMath/btPolarDecomposition.cpp" />
		<Unit filename="../Bullet/LinearMath/btPolarDecomposition.h" />
		<Unit filename="../Bullet/LinearMath/btPoolAllocator.h" />
		<Unit filename="../Bullet/LinearMath/btQuadWord.h" />
		<Unit filename="../Bullet/LinearMath/btQuaternion.h" />
		<Unit filename="../Bullet/LinearMath/btQuickprof.cpp" />
		<Unit filename="../Bullet/LinearMath/btQuickprof.h" />
		<Unit filename="../Bullet/LinearMath/btRandom.h" />
		<Unit filename="../Bullet/LinearMath/btScalar.h" />
		<Unit filename="../Bullet/LinearMath/btSerializer.cpp" />
		<Unit filename="../Bullet/LinearMath/btSerializer.h" />
		<Unit filename="../Bullet/LinearMath/btSpatialAlgebra.h" />
		<Unit filename="../Bullet/LinearMath/btStackAlloc.h" />
		<Unit filename="../Bullet/LinearMath/btTransform.h" />
		<Unit filename="../Bullet/LinearMath/btTransformUtil.h" />
		<Unit filename="../Bullet/LinearMath/btVector3.cpp" />
		<Unit filename="../Bullet/LinearMath/btVector3.h" />
		<Unit filename="../Bullet/btBulletCollisionCommon.h" />
		<Unit filename="../Bullet/btBulletDynamicsCommon.h" />
		<Unit filename="../Bullet/clew/clew.c">
			<Option compilerVar="CC" />
		</Unit>
		<Unit filename="../Bullet/clew/clew.h" />
		<Unit filename="../openclrenderer/Game/Asteroid/asteroid_gen.cpp" />
		<Unit filename="../openclrenderer/Game/Asteroid/asteroid_gen.hpp" />
		<Unit filename="../openclrenderer/Game/Galaxy/galaxy.cpp" />
		<Unit filename="../openclrenderer/Game/Galaxy/galaxy.hpp" />
		<Unit filename="../openclrenderer/Game/Solar_object/solar.cpp" />
		<Unit filename="../openclrenderer/Game/Solar_object/solar.hpp" />
		<Unit filename="../openclrenderer/Game/collision.cpp" />
		<Unit filename="../openclrenderer/Game/collision.hpp" />
		<Unit filename="../openclrenderer/Game/game_manager.cpp" />
		<Unit filename="../openclrenderer/Game/game_manager.hpp" />
		<Unit filename="../openclrenderer/Game/game_object.cpp" />
		<Unit filename="../openclrenderer/Game/game_object.hpp" />
		<Unit filename="../openclrenderer/Game/newtonian_body.cpp" />
		<Unit filename="../openclrenderer/Game/newtonian_body.hpp" />
		<Unit filename="../openclrenderer/Game/projectile.cpp" />
		<Unit filename="../openclrenderer/Game/projectile.hpp" />
		<Unit filename="../openclrenderer/Game/ship.cpp" />
		<Unit filename="../openclrenderer/Game/ship.hpp" />
		<Unit filename="../openclrenderer/Game/space_dust.cpp" />
		<Unit filename="../openclrenderer/Game/space_dust.hpp" />
		<Unit filename="../openclrenderer/Game/space_manager.cpp" />
		<Unit filename="../openclrenderer/Game/space_manager.hpp" />
		<Unit filename="../openclrenderer/Game/version.hpp" />
		<Unit filename="../openclrenderer/Leap/leap_control.cpp" />
		<Unit filename="../openclrenderer/Leap/leap_control.hpp" />
		<Unit filename="../openclrenderer/SVO/voxel.cpp" />
		<Unit filename="../openclrenderer/cloud_gen/cloud_gen.cpp" />
		<Unit filename="../openclrenderer/cloud_gen/cloud_gen.hpp" />
		<Unit filename="../openclrenderer/clstate.cpp" />
		<Unit filename="../openclrenderer/engine.cpp" />
		<Unit filename="../openclrenderer/engine.hpp" />
		<Unit filename="../openclrenderer/goo.cpp" />
		<Unit filename="../openclrenderer/goo.hpp" />
		<Unit filename="../openclrenderer/hologram.cpp" />
		<Unit filename="../openclrenderer/hologram.hpp" />
		<Unit filename="../openclrenderer/interact_manager.cpp" />
		<Unit filename="../openclrenderer/interact_manager.hpp" />
		<Unit filename="../openclrenderer/light.cpp" />
		<Unit filename="../openclrenderer/light.hpp" />
		<Unit filename="../openclrenderer/network.cpp" />
		<Unit filename="../openclrenderer/network.hpp" />
		<Unit filename="../openclrenderer/obj_g_descriptor.hpp" />
		<Unit filename="../openclrenderer/obj_info_struct.cpp" />
		<Unit filename="../openclrenderer/obj_info_struct.hpp" />
		<Unit filename="../openclrenderer/obj_load.cpp" />
		<Unit filename="../openclrenderer/obj_load.hpp" />
		<Unit filename="../openclrenderer/obj_mem_manager.cpp" />
		<Unit filename="../openclrenderer/obj_mem_manager.hpp" />
		<Unit filename="../openclrenderer/object.cpp" />
		<Unit filename="../openclrenderer/object.hpp" />
		<Unit filename="../openclrenderer/objects_container.cpp" />
		<Unit filename="../openclrenderer/objects_container.hpp" />
		<Unit filename="../openclrenderer/planet_gen/cubetables.hpp" />
		<Unit filename="../openclrenderer/planet_gen/marching_cubes.cpp" />
		<Unit filename="../openclrenderer/planet_gen/marching_cubes.hpp" />
		<Unit filename="../openclrenderer/planet_gen/planet_gen.cpp" />
		<Unit filename="../openclrenderer/planet_gen/planet_gen.hpp" />
		<Unit filename="../openclrenderer/point_cloud.cpp" />
		<Unit filename="../openclrenderer/point_cloud.hpp" />
		<Unit filename="../openclrenderer/proj.hpp" />
		<Unit filename="../openclrenderer/projectile_buffer_gen.cpp" />
		<Unit filename="../openclrenderer/projectile_buffer_gen.hpp" />
		<Unit filename="../openclrenderer/smoke.cpp" />
		<Unit filename="../openclrenderer/smoke.hpp" />
		<Unit filename="../openclrenderer/terrain_gen/terrain_gen.cpp" />
		<Unit filename="../openclrenderer/terrain_gen/terrain_gen.hpp" />
		<Unit filename="../openclrenderer/text_handler.cpp" />
		<Unit filename="../openclrenderer/text_handler.hpp" />
		<Unit filename="../openclrenderer/texture.cpp" />
		<Unit filename="../openclrenderer/texture.hpp" />
		<Unit filename="../openclrenderer/texture_manager.cpp" />
		<Unit filename="../openclrenderer/texture_manager.hpp" />
		<Unit filename="../openclrenderer/triangle.cpp" />
		<Unit filename="../openclrenderer/triangle.hpp" />
		<Unit filename="../openclrenderer/ui_manager.cpp" />
		<Unit filename="../openclrenderer/ui_manager.hpp" />
		<Unit filename="../openclrenderer/vec.hpp" />
		<Unit filename="../openclrenderer/vertex.cpp" />
		<Unit filename="../openclrenderer/vertex.hpp" />
		<Unit filename="fighter.cpp" />
		<Unit filename="fighter.hpp" />
		<Unit filename="main.cpp" />
		<Unit filename="physics.cpp" />
		<Unit filename="physics.hpp" />
		<Unit filename="vec.hpp" />
		<Extensions>
			<code_completion />
			<envvars />
			<debugger />
			<lib_finder disable_auto="1" />
		</Extensions>
	</Project>
</CodeBlocks_project_file>
